// !$*UTF8*$!
{
	archiveVersion = 1;
	classes = {
	};
	objectVersion = 50;
	objects = {

/* Begin PBXBuildFile section */
		3AC9BD52253E5CE0003B6592 /* AppDelegate.swift in Sources */ = {isa = PBXBuildFile; fileRef = 3AC9BD51253E5CE0003B6592 /* AppDelegate.swift */; };
		3AC9BD54253E5CE0003B6592 /* SceneDelegate.swift in Sources */ = {isa = PBXBuildFile; fileRef = 3AC9BD53253E5CE0003B6592 /* SceneDelegate.swift */; };
		3AC9BD56253E5CE0003B6592 /* ViewController.swift in Sources */ = {isa = PBXBuildFile; fileRef = 3AC9BD55253E5CE0003B6592 /* ViewController.swift */; };
		3AC9BD59253E5CE0003B6592 /* Main.storyboard in Resources */ = {isa = PBXBuildFile; fileRef = 3AC9BD57253E5CE0003B6592 /* Main.storyboard */; };
		3AC9BD5B253E5CE4003B6592 /* Assets.xcassets in Resources */ = {isa = PBXBuildFile; fileRef = 3AC9BD5A253E5CE4003B6592 /* Assets.xcassets */; };
		3AC9BD5E253E5CE4003B6592 /* LaunchScreen.storyboard in Resources */ = {isa = PBXBuildFile; fileRef = 3AC9BD5C253E5CE4003B6592 /* LaunchScreen.storyboard */; };
		3AC9BD69253E5CE4003B6592 /* CollectionViewTestTests.swift in Sources */ = {isa = PBXBuildFile; fileRef = 3AC9BD68253E5CE4003B6592 /* CollectionViewTestTests.swift */; };
		3AC9BD74253E5CE4003B6592 /* CollectionViewTestUITests.swift in Sources */ = {isa = PBXBuildFile; fileRef = 3AC9BD73253E5CE4003B6592 /* CollectionViewTestUITests.swift */; };
		3AC9BD85253E5D43003B6592 /* CollectionViewCell.swift in Sources */ = {isa = PBXBuildFile; fileRef = 3AC9BD84253E5D43003B6592 /* CollectionViewCell.swift */; };
/* End PBXBuildFile section */

/* Begin PBXContainerItemProxy section */
		3AC9BD65253E5CE4003B6592 /* PBXContainerItemProxy */ = {
			isa = PBXContainerItemProxy;
			containerPortal = 3AC9BD46253E5CDF003B6592 /* Project object */;
			proxyType = 1;
			remoteGlobalIDString = 3AC9BD4D253E5CE0003B6592;
			remoteInfo = CollectionViewTest;
		};
		3AC9BD70253E5CE4003B6592 /* PBXContainerItemProxy */ = {
			isa = PBXContainerItemProxy;
			containerPortal = 3AC9BD46253E5CDF003B6592 /* Project object */;
			proxyType = 1;
			remoteGlobalIDString = 3AC9BD4D253E5CE0003B6592;
			remoteInfo = CollectionViewTest;
		};
/* End PBXContainerItemProxy section */

/* Begin PBXFileReference section */
		3AC9BD4E253E5CE0003B6592 /* CollectionViewTest.app */ = {isa = PBXFileReference; explicitFileType = wrapper.application; includeInIndex = 0; path = CollectionViewTest.app; sourceTree = BUILT_PRODUCTS_DIR; };
		3AC9BD51253E5CE0003B6592 /* AppDelegate.swift */ = {isa = PBXFileReference; lastKnownFileType = sourcecode.swift; path = AppDelegate.swift; sourceTree = "<group>"; };
		3AC9BD53253E5CE0003B6592 /* SceneDelegate.swift */ = {isa = PBXFileReference; lastKnownFileType = sourcecode.swift; path = SceneDelegate.swift; sourceTree = "<group>"; };
		3AC9BD55253E5CE0003B6592 /* ViewController.swift */ = {isa = PBXFileReference; lastKnownFileType = sourcecode.swift; path = ViewController.swift; sourceTree = "<group>"; };
		3AC9BD58253E5CE0003B6592 /* Base */ = {isa = PBXFileReference; lastKnownFileType = file.storyboard; name = Base; path = Base.lproj/Main.storyboard; sourceTree = "<group>"; };
		3AC9BD5A253E5CE4003B6592 /* Assets.xcassets */ = {isa = PBXFileReference; lastKnownFileType = folder.assetcatalog; path = Assets.xcassets; sourceTree = "<group>"; };
		3AC9BD5D253E5CE4003B6592 /* Base */ = {isa = PBXFileReference; lastKnownFileType = file.storyboard; name = Base; path = Base.lproj/LaunchScreen.storyboard; sourceTree = "<group>"; };
		3AC9BD5F253E5CE4003B6592 /* Info.plist */ = {isa = PBXFileReference; lastKnownFileType = text.plist.xml; path = Info.plist; sourceTree = "<group>"; };
		3AC9BD64253E5CE4003B6592 /* CollectionViewTestTests.xctest */ = {isa = PBXFileReference; explicitFileType = wrapper.cfbundle; includeInIndex = 0; path = CollectionViewTestTests.xctest; sourceTree = BUILT_PRODUCTS_DIR; };
		3AC9BD68253E5CE4003B6592 /* CollectionViewTestTests.swift */ = {isa = PBXFileReference; lastKnownFileType = sourcecode.swift; path = CollectionViewTestTests.swift; sourceTree = "<group>"; };
		3AC9BD6A253E5CE4003B6592 /* Info.plist */ = {isa = PBXFileReference; lastKnownFileType = text.plist.xml; path = Info.plist; sourceTree = "<group>"; };
		3AC9BD6F253E5CE4003B6592 /* CollectionViewTestUITests.xctest */ = {isa = PBXFileReference; explicitFileType = wrapper.cfbundle; includeInIndex = 0; path = CollectionViewTestUITests.xctest; sourceTree = BUILT_PRODUCTS_DIR; };
		3AC9BD73253E5CE4003B6592 /* CollectionViewTestUITests.swift */ = {isa = PBXFileReference; lastKnownFileType = sourcecode.swift; path = CollectionViewTestUITests.swift; sourceTree = "<group>"; };
		3AC9BD75253E5CE4003B6592 /* Info.plist */ = {isa = PBXFileReference; lastKnownFileType = text.plist.xml; path = Info.plist; sourceTree = "<group>"; };
		3AC9BD84253E5D43003B6592 /* CollectionViewCell.swift */ = {isa = PBXFileReference; lastKnownFileType = sourcecode.swift; path = CollectionViewCell.swift; sourceTree = "<group>"; };
/* End PBXFileReference section */

/* Begin PBXFrameworksBuildPhase section */
		3AC9BD4B253E5CE0003B6592 /* Frameworks */ = {
			isa = PBXFrameworksBuildPhase;
			buildActionMask = 2147483647;
			files = (
			);
			runOnlyForDeploymentPostprocessing = 0;
		};
		3AC9BD61253E5CE4003B6592 /* Frameworks */ = {
			isa = PBXFrameworksBuildPhase;
			buildActionMask = 2147483647;
			files = (
			);
			runOnlyForDeploymentPostprocessing = 0;
		};
		3AC9BD6C253E5CE4003B6592 /* Frameworks */ = {
			isa = PBXFrameworksBuildPhase;
			buildActionMask = 2147483647;
			files = (
			);
			runOnlyForDeploymentPostprocessing = 0;
		};
/* End PBXFrameworksBuildPhase section */

/* Begin PBXGroup section */
		3AC9BD45253E5CDF003B6592 = {
			isa = PBXGroup;
			children = (
				3AC9BD50253E5CE0003B6592 /* CollectionViewTest */,
				3AC9BD67253E5CE4003B6592 /* CollectionViewTestTests */,
				3AC9BD72253E5CE4003B6592 /* CollectionViewTestUITests */,
				3AC9BD4F253E5CE0003B6592 /* Products */,
			);
			sourceTree = "<group>";
		};
		3AC9BD4F253E5CE0003B6592 /* Products */ = {
			isa = PBXGroup;
			children = (
				3AC9BD4E253E5CE0003B6592 /* CollectionViewTest.app */,
				3AC9BD64253E5CE4003B6592 /* CollectionViewTestTests.xctest */,
				3AC9BD6F253E5CE4003B6592 /* CollectionViewTestUITests.xctest */,
			);
			name = Products;
			sourceTree = "<group>";
		};
		3AC9BD50253E5CE0003B6592 /* CollectionViewTest */ = {
			isa = PBXGroup;
			children = (
				3AC9BD51253E5CE0003B6592 /* AppDelegate.swift */,
				3AC9BD53253E5CE0003B6592 /* SceneDelegate.swift */,
				3AC9BD55253E5CE0003B6592 /* ViewController.swift */,
				3AC9BD57253E5CE0003B6592 /* Main.storyboard */,
				3AC9BD5A253E5CE4003B6592 /* Assets.xcassets */,
				3AC9BD5C253E5CE4003B6592 /* LaunchScreen.storyboard */,
				3AC9BD5F253E5CE4003B6592 /* Info.plist */,
				3AC9BD84253E5D43003B6592 /* CollectionViewCell.swift */,
			);
			path = CollectionViewTest;
			sourceTree = "<group>";
		};
		3AC9BD67253E5CE4003B6592 /* CollectionViewTestTests */ = {
			isa = PBXGroup;
			children = (
				3AC9BD68253E5CE4003B6592 /* CollectionViewTestTests.swift */,
				3AC9BD6A253E5CE4003B6592 /* Info.plist */,
			);
			path = CollectionViewTestTests;
			sourceTree = "<group>";
		};
		3AC9BD72253E5CE4003B6592 /* CollectionViewTestUITests */ = {
			isa = PBXGroup;
			children = (
				3AC9BD73253E5CE4003B6592 /* CollectionViewTestUITests.swift */,
				3AC9BD75253E5CE4003B6592 /* Info.plist */,
			);
			path = CollectionViewTestUITests;
			sourceTree = "<group>";
		};
/* End PBXGroup section */

/* Begin PBXNativeTarget section */
		3AC9BD4D253E5CE0003B6592 /* CollectionViewTest */ = {
			isa = PBXNativeTarget;
			buildConfigurationList = 3AC9BD78253E5CE4003B6592 /* Build configuration list for PBXNativeTarget "CollectionViewTest" */;
			buildPhases = (
				3AC9BD4A253E5CE0003B6592 /* Sources */,
				3AC9BD4B253E5CE0003B6592 /* Frameworks */,
				3AC9BD4C253E5CE0003B6592 /* Resources */,
			);
			buildRules = (
			);
			dependencies = (
			);
			name = CollectionViewTest;
			productName = CollectionViewTest;
			productReference = 3AC9BD4E253E5CE0003B6592 /* CollectionViewTest.app */;
			productType = "com.apple.product-type.application";
		};
		3AC9BD63253E5CE4003B6592 /* CollectionViewTestTests */ = {
			isa = PBXNativeTarget;
			buildConfigurationList = 3AC9BD7B253E5CE4003B6592 /* Build configuration list for PBXNativeTarget "CollectionViewTestTests" */;
			buildPhases = (
				3AC9BD60253E5CE4003B6592 /* Sources */,
				3AC9BD61253E5CE4003B6592 /* Frameworks */,
				3AC9BD62253E5CE4003B6592 /* Resources */,
			);
			buildRules = (
			);
			dependencies = (
				3AC9BD66253E5CE4003B6592 /* PBXTargetDependency */,
			);
			name = CollectionViewTestTests;
			productName = CollectionViewTestTests;
			productReference = 3AC9BD64253E5CE4003B6592 /* CollectionViewTestTests.xctest */;
			productType = "com.apple.product-type.bundle.unit-test";
		};
		3AC9BD6E253E5CE4003B6592 /* CollectionViewTestUITests */ = {
			isa = PBXNativeTarget;
			buildConfigurationList = 3AC9BD7E253E5CE4003B6592 /* Build configuration list for PBXNativeTarget "CollectionViewTestUITests" */;
			buildPhases = (
				3AC9BD6B253E5CE4003B6592 /* Sources */,
				3AC9BD6C253E5CE4003B6592 /* Frameworks */,
				3AC9BD6D253E5CE4003B6592 /* Resources */,
			);
			buildRules = (
			);
			dependencies = (
				3AC9BD71253E5CE4003B6592 /* PBXTargetDependency */,
			);
			name = CollectionViewTestUITests;
			productName = CollectionViewTestUITests;
			productReference = 3AC9BD6F253E5CE4003B6592 /* CollectionViewTestUITests.xctest */;
			productType = "com.apple.product-type.bundle.ui-testing";
		};
/* End PBXNativeTarget section */

/* Begin PBXProject section */
		3AC9BD46253E5CDF003B6592 /* Project object */ = {
			isa = PBXProject;
			attributes = {
				LastSwiftUpdateCheck = 1200;
				LastUpgradeCheck = 1200;
				TargetAttributes = {
					3AC9BD4D253E5CE0003B6592 = {
						CreatedOnToolsVersion = 12.0.1;
					};
					3AC9BD63253E5CE4003B6592 = {
						CreatedOnToolsVersion = 12.0.1;
						TestTargetID = 3AC9BD4D253E5CE0003B6592;
					};
					3AC9BD6E253E5CE4003B6592 = {
						CreatedOnToolsVersion = 12.0.1;
						TestTargetID = 3AC9BD4D253E5CE0003B6592;
					};
				};
			};
			buildConfigurationList = 3AC9BD49253E5CDF003B6592 /* Build configuration list for PBXProject "CollectionViewTest" */;
			compatibilityVersion = "Xcode 9.3";
			developmentRegion = en;
			hasScannedForEncodings = 0;
			knownRegions = (
				en,
				Base,
			);
			mainGroup = 3AC9BD45253E5CDF003B6592;
			productRefGroup = 3AC9BD4F253E5CE0003B6592 /* Products */;
			projectDirPath = "";
			projectRoot = "";
			targets = (
				3AC9BD4D253E5CE0003B6592 /* CollectionViewTest */,
				3AC9BD63253E5CE4003B6592 /* CollectionViewTestTests */,
				3AC9BD6E253E5CE4003B6592 /* CollectionViewTestUITests */,
			);
		};
/* End PBXProject section */

/* Begin PBXResourcesBuildPhase section */
		3AC9BD4C253E5CE0003B6592 /* Resources */ = {
			isa = PBXResourcesBuildPhase;
			buildActionMask = 2147483647;
			files = (
				3AC9BD5E253E5CE4003B6592 /* LaunchScreen.storyboard in Resources */,
				3AC9BD5B253E5CE4003B6592 /* Assets.xcassets in Resources */,
				3AC9BD59253E5CE0003B6592 /* Main.storyboard in Resources */,
			);
			runOnlyForDeploymentPostprocessing = 0;
		};
		3AC9BD62253E5CE4003B6592 /* Resources */ = {
			isa = PBXResourcesBuildPhase;
			buildActionMask = 2147483647;
			files = (
			);
			runOnlyForDeploymentPostprocessing = 0;
		};
		3AC9BD6D253E5CE4003B6592 /* Resources */ = {
			isa = PBXResourcesBuildPhase;
			buildActionMask = 2147483647;
			files = (
			);
			runOnlyForDeploymentPostprocessing = 0;
		};
/* End PBXResourcesBuildPhase section */

/* Begin PBXSourcesBuildPhase section */
		3AC9BD4A253E5CE0003B6592 /* Sources */ = {
			isa = PBXSourcesBuildPhase;
			buildActionMask = 2147483647;
			files = (
				3AC9BD56253E5CE0003B6592 /* ViewController.swift in Sources */,
				3AC9BD52253E5CE0003B6592 /* AppDelegate.swift in Sources */,
				3AC9BD85253E5D43003B6592 /* CollectionViewCell.swift in Sources */,
				3AC9BD54253E5CE0003B6592 /* SceneDelegate.swift in Sources */,
			);
			runOnlyForDeploymentPostprocessing = 0;
		};
		3AC9BD60253E5CE4003B6592 /* Sources */ = {
			isa = PBXSourcesBuildPhase;
			buildActionMask = 2147483647;
			files = (
				3AC9BD69253E5CE4003B6592 /* CollectionViewTestTests.swift in Sources */,
			);
			runOnlyForDeploymentPostprocessing = 0;
		};
		3AC9BD6B253E5CE4003B6592 /* Sources */ = {
			isa = PBXSourcesBuildPhase;
			buildActionMask = 2147483647;
			files = (
				3AC9BD74253E5CE4003B6592 /* CollectionViewTestUITests.swift in Sources */,
			);
			runOnlyForDeploymentPostprocessing = 0;
		};
/* End PBXSourcesBuildPhase section */

/* Begin PBXTargetDependency section */
		3AC9BD66253E5CE4003B6592 /* PBXTargetDependency */ = {
			isa = PBXTargetDependency;
			target = 3AC9BD4D253E5CE0003B6592 /* CollectionViewTest */;
			targetProxy = 3AC9BD65253E5CE4003B6592 /* PBXContainerItemProxy */;
		};
		3AC9BD71253E5CE4003B6592 /* PBXTargetDependency */ = {
			isa = PBXTargetDependency;
			target = 3AC9BD4D253E5CE0003B6592 /* CollectionViewTest */;
			targetProxy = 3AC9BD70253E5CE4003B6592 /* PBXContainerItemProxy */;
		};
/* End PBXTargetDependency section */

/* Begin PBXVariantGroup section */
		3AC9BD57253E5CE0003B6592 /* Main.storyboard */ = {
			isa = PBXVariantGroup;
			children = (
				3AC9BD58253E5CE0003B6592 /* Base */,
			);
			name = Main.storyboard;
			sourceTree = "<group>";
		};
		3AC9BD5C253E5CE4003B6592 /* LaunchScreen.storyboard */ = {
			isa = PBXVariantGroup;
			children = (
				3AC9BD5D253E5CE4003B6592 /* Base */,
			);
			name = LaunchScreen.storyboard;
			sourceTree = "<group>";
		};
/* End PBXVariantGroup section */

/* Begin XCBuildConfiguration section */
		3AC9BD76253E5CE4003B6592 /* Debug */ = {
			isa = XCBuildConfiguration;
			buildSettings = {
				ALWAYS_SEARCH_USER_PATHS = NO;
				CLANG_ANALYZER_NONNULL = YES;
				CLANG_ANALYZER_NUMBER_OBJECT_CONVERSION = YES_AGGRESSIVE;
				CLANG_CXX_LANGUAGE_STANDARD = "gnu++14";
				CLANG_CXX_LIBRARY = "libc++";
				CLANG_ENABLE_MODULES = YES;
				CLANG_ENABLE_OBJC_ARC = YES;
				CLANG_ENABLE_OBJC_WEAK = YES;
				CLANG_WARN_BLOCK_CAPTURE_AUTORELEASING = YES;
				CLANG_WARN_BOOL_CONVERSION = YES;
				CLANG_WARN_COMMA = YES;
				CLANG_WARN_CONSTANT_CONVERSION = YES;
				CLANG_WARN_DEPRECATED_OBJC_IMPLEMENTATIONS = YES;
				CLANG_WARN_DIRECT_OBJC_ISA_USAGE = YES_ERROR;
				CLANG_WARN_DOCUMENTATION_COMMENTS = YES;
				CLANG_WARN_EMPTY_BODY = YES;
				CLANG_WARN_ENUM_CONVERSION = YES;
				CLANG_WARN_INFINITE_RECURSION = YES;
				CLANG_WARN_INT_CONVERSION = YES;
				CLANG_WARN_NON_LITERAL_NULL_CONVERSION = YES;
				CLANG_WARN_OBJC_IMPLICIT_RETAIN_SELF = YES;
				CLANG_WARN_OBJC_LITERAL_CONVERSION = YES;
				CLANG_WARN_OBJC_ROOT_CLASS = YES_ERROR;
				CLANG_WARN_QUOTED_INCLUDE_IN_FRAMEWORK_HEADER = YES;
				CLANG_WARN_RANGE_LOOP_ANALYSIS = YES;
				CLANG_WARN_STRICT_PROTOTYPES = YES;
				CLANG_WARN_SUSPICIOUS_MOVE = YES;
				CLANG_WARN_UNGUARDED_AVAILABILITY = YES_AGGRESSIVE;
				CLANG_WARN_UNREACHABLE_CODE = YES;
				CLANG_WARN__DUPLICATE_METHOD_MATCH = YES;
				COPY_PHASE_STRIP = NO;
				DEBUG_INFORMATION_FORMAT = dwarf;
				ENABLE_STRICT_OBJC_MSGSEND = YES;
				ENABLE_TESTABILITY = YES;
				GCC_C_LANGUAGE_STANDARD = gnu11;
				GCC_DYNAMIC_NO_PIC = NO;
				GCC_NO_COMMON_BLOCKS = YES;
				GCC_OPTIMIZATION_LEVEL = 0;
				GCC_PREPROCESSOR_DEFINITIONS = (
					"DEBUG=1",
					"$(inherited)",
				);
				GCC_WARN_64_TO_32_BIT_CONVERSION = YES;
				GCC_WARN_ABOUT_RETURN_TYPE = YES_ERROR;
				GCC_WARN_UNDECLARED_SELECTOR = YES;
				GCC_WARN_UNINITIALIZED_AUTOS = YES_AGGRESSIVE;
				GCC_WARN_UNUSED_FUNCTION = YES;
				GCC_WARN_UNUSED_VARIABLE = YES;
				IPHONEOS_DEPLOYMENT_TARGET = 14.0;
				MTL_ENABLE_DEBUG_INFO = INCLUDE_SOURCE;
				MTL_FAST_MATH = YES;
				ONLY_ACTIVE_ARCH = YES;
				SDKROOT = iphoneos;
				SWIFT_ACTIVE_COMPILATION_CONDITIONS = DEBUG;
				SWIFT_OPTIMIZATION_LEVEL = "-Onone";
			};
			name = Debug;
		};
		3AC9BD77253E5CE4003B6592 /* Release */ = {
			isa = XCBuildConfiguration;
			buildSettings = {
				ALWAYS_SEARCH_USER_PATHS = NO;
				CLANG_ANALYZER_NONNULL = YES;
				CLANG_ANALYZER_NUMBER_OBJECT_CONVERSION = YES_AGGRESSIVE;
				CLANG_CXX_LANGUAGE_STANDARD = "gnu++14";
				CLANG_CXX_LIBRARY = "libc++";
				CLANG_ENABLE_MODULES = YES;
				CLANG_ENABLE_OBJC_ARC = YES;
				CLANG_ENABLE_OBJC_WEAK = YES;
				CLANG_WARN_BLOCK_CAPTURE_AUTORELEASING = YES;
				CLANG_WARN_BOOL_CONVERSION = YES;
				CLANG_WARN_COMMA = YES;
				CLANG_WARN_CONSTANT_CONVERSION = YES;
				CLANG_WARN_DEPRECATED_OBJC_IMPLEMENTATIONS = YES;
				CLANG_WARN_DIRECT_OBJC_ISA_USAGE = YES_ERROR;
				CLANG_WARN_DOCUMENTATION_COMMENTS = YES;
				CLANG_WARN_EMPTY_BODY = YES;
				CLANG_WARN_ENUM_CONVERSION = YES;
				CLANG_WARN_INFINITE_RECURSION = YES;
				CLANG_WARN_INT_CONVERSION = YES;
				CLANG_WARN_NON_LITERAL_NULL_CONVERSION = YES;
				CLANG_WARN_OBJC_IMPLICIT_RETAIN_SELF = YES;
				CLANG_WARN_OBJC_LITERAL_CONVERSION = YES;
				CLANG_WARN_OBJC_ROOT_CLASS = YES_ERROR;
				CLANG_WARN_QUOTED_INCLUDE_IN_FRAMEWORK_HEADER = YES;
				CLANG_WARN_RANGE_LOOP_ANALYSIS = YES;
				CLANG_WARN_STRICT_PROTOTYPES = YES;
				CLANG_WARN_SUSPICIOUS_MOVE = YES;
				CLANG_WARN_UNGUARDED_AVAILABILITY = YES_AGGRESSIVE;
				CLANG_WARN_UNREACHABLE_CODE = YES;
				CLANG_WARN__DUPLICATE_METHOD_MATCH = YES;
				COPY_PHASE_STRIP = NO;
				DEBUG_INFORMATION_FORMAT = "dwarf-with-dsym";
				ENABLE_NS_ASSERTIONS = NO;
				ENABLE_STRICT_OBJC_MSGSEND = YES;
				GCC_C_LANGUAGE_STANDARD = gnu11;
				GCC_NO_COMMON_BLOCKS = YES;
				GCC_WARN_64_TO_32_BIT_CONVERSION = YES;
				GCC_WARN_ABOUT_RETURN_TYPE = YES_ERROR;
				GCC_WARN_UNDECLARED_SELECTOR = YES;
				GCC_WARN_UNINITIALIZED_AUTOS = YES_AGGRESSIVE;
				GCC_WARN_UNUSED_FUNCTION = YES;
				GCC_WARN_UNUSED_VARIABLE = YES;
				IPHONEOS_DEPLOYMENT_TARGET = 14.0;
				MTL_ENABLE_DEBUG_INFO = NO;
				MTL_FAST_MATH = YES;
				SDKROOT = iphoneos;
				SWIFT_COMPILATION_MODE = wholemodule;
				SWIFT_OPTIMIZATION_LEVEL = "-O";
				VALIDATE_PRODUCT = YES;
			};
			name = Release;
		};
		3AC9BD79253E5CE4003B6592 /* Debug */ = {
			isa = XCBuildConfiguration;
			buildSettings = {
				ASSETCATALOG_COMPILER_APPICON_NAME = AppIcon;
				ASSETCATALOG_COMPILER_GLOBAL_ACCENT_COLOR_NAME = AccentColor;
				CODE_SIGN_STYLE = Automatic;
				INFOPLIST_FILE = CollectionViewTest/Info.plist;
				LD_RUNPATH_SEARCH_PATHS = (
					"$(inherited)",
					"@executable_path/Frameworks",
				);
				PRODUCT_BUNDLE_IDENTIFIER = teo.CollectionViewTest;
				PRODUCT_NAME = "$(TARGET_NAME)";
				SWIFT_VERSION = 5.0;
				TARGETED_DEVICE_FAMILY = "1,2";
			};
			name = Debug;
		};
		3AC9BD7A253E5CE4003B6592 /* Release */ = {
			isa = XCBuildConfiguration;
			buildSettings = {
				ASSETCATALOG_COMPILER_APPICON_NAME = AppIcon;
				ASSETCATALOG_COMPILER_GLOBAL_ACCENT_COLOR_NAME = AccentColor;
				CODE_SIGN_STYLE = Automatic;
				INFOPLIST_FILE = CollectionViewTest/Info.plist;
				LD_RUNPATH_SEARCH_PATHS = (
					"$(inherited)",
					"@executable_path/Frameworks",
				);
				PRODUCT_BUNDLE_IDENTIFIER = teo.CollectionViewTest;
				PRODUCT_NAME = "$(TARGET_NAME)";
				SWIFT_VERSION = 5.0;
				TARGETED_DEVICE_FAMILY = "1,2";
			};
			name = Release;
		};
		3AC9BD7C253E5CE4003B6592 /* Debug */ = {
			isa = XCBuildConfiguration;
			buildSettings = {
				ALWAYS_EMBED_SWIFT_STANDARD_LIBRARIES = YES;
				BUNDLE_LOADER = "$(TEST_HOST)";
				CODE_SIGN_STYLE = Automatic;
				INFOPLIST_FILE = CollectionViewTestTests/Info.plist;
				IPHONEOS_DEPLOYMENT_TARGET = 14.0;
				LD_RUNPATH_SEARCH_PATHS = (
					"$(inherited)",
					"@executable_path/Frameworks",
					"@loader_path/Frameworks",
				);
				PRODUCT_BUNDLE_IDENTIFIER = teo.CollectionViewTestTests;
				PRODUCT_NAME = "$(TARGET_NAME)";
				SWIFT_VERSION = 5.0;
				TARGETED_DEVICE_FAMILY = "1,2";
				TEST_HOST = "$(BUILT_PRODUCTS_DIR)/CollectionViewTest.app/CollectionViewTest";
			};
			name = Debug;
		};
		3AC9BD7D253E5CE4003B6592 /* Release */ = {
			isa = XCBuildConfiguration;
			buildSettings = {
				ALWAYS_EMBED_SWIFT_STANDARD_LIBRARIES = YES;
				BUNDLE_LOADER = "$(TEST_HOST)";
				CODE_SIGN_STYLE = Automatic;
				INFOPLIST_FILE = CollectionViewTestTests/Info.plist;
				IPHONEOS_DEPLOYMENT_TARGET = 14.0;
				LD_RUNPATH_SEARCH_PATHS = (
					"$(inherited)",
					"@executable_path/Frameworks",
					"@loader_path/Frameworks",
				);
				PRODUCT_BUNDLE_IDENTIFIER = teo.CollectionViewTestTests;
				PRODUCT_NAME = "$(TARGET_NAME)";
				SWIFT_VERSION = 5.0;
				TARGETED_DEVICE_FAMILY = "1,2";
				TEST_HOST = "$(BUILT_PRODUCTS_DIR)/CollectionViewTest.app/CollectionViewTest";
			};
			name = Release;
		};
		3AC9BD7F253E5CE4003B6592 /* Debug */ = {
			isa = XCBuildConfiguration;
			buildSettings = {
				ALWAYS_EMBED_SWIFT_STANDARD_LIBRARIES = YES;
				CODE_SIGN_STYLE = Automatic;
				INFOPLIST_FILE = CollectionViewTestUITests/Info.plist;
				LD_RUNPATH_SEARCH_PATHS = (
					"$(inherited)",
					"@executable_path/Frameworks",
					"@loader_path/Frameworks",
				);
				PRODUCT_BUNDLE_IDENTIFIER = teo.CollectionViewTestUITests;
				PRODUCT_NAME = "$(TARGET_NAME)";
				SWIFT_VERSION = 5.0;
				TARGETED_DEVICE_FAMILY = "1,2";
				TEST_TARGET_NAME = CollectionViewTest;
			};
			name = Debug;
		};
		3AC9BD80253E5CE4003B6592 /* Release */ = {
			isa = XCBuildConfiguration;
			buildSettings = {
				ALWAYS_EMBED_SWIFT_STANDARD_LIBRARIES = YES;
				CODE_SIGN_STYLE = Automatic;
				INFOPLIST_FILE = CollectionViewTestUITests/Info.plist;
				LD_RUNPATH_SEARCH_PATHS = (
					"$(inherited)",
					"@executable_path/Frameworks",
					"@loader_path/Frameworks",
				);
				PRODUCT_BUNDLE_IDENTIFIER = teo.CollectionViewTestUITests;
				PRODUCT_NAME = "$(TARGET_NAME)";
				SWIFT_VERSION = 5.0;
				TARGETED_DEVICE_FAMILY = "1,2";
				TEST_TARGET_NAME = CollectionViewTest;
			};
			name = Release;
		};
/* End XCBuildConfiguration section */

/* Begin XCConfigurationList section */
		3AC9BD49253E5CDF003B6592 /* Build configuration list for PBXProject "CollectionViewTest" */ = {
			isa = XCConfigurationList;
			buildConfigurations = (
				3AC9BD76253E5CE4003B6592 /* Debug */,
				3AC9BD77253E5CE4003B6592 /* Release */,
			);
			defaultConfigurationIsVisible = 0;
			defaultConfigurationName = Release;
		};
		3AC9BD78253E5CE4003B6592 /* Build configuration list for PBXNativeTarget "CollectionViewTest" */ = {
			isa = XCConfigurationList;
			buildConfigurations = (
				3AC9BD79253E5CE4003B6592 /* Debug */,
				3AC9BD7A253E5CE4003B6592 /* Release */,
			);
			defaultConfigurationIsVisible = 0;
			defaultConfigurationName = Release;
		};
		3AC9BD7B253E5CE4003B6592 /* Build configuration list for PBXNativeTarget "CollectionViewTestTests" */ = {
			isa = XCConfigurationList;
			buildConfigurations = (
				3AC9BD7C253E5CE4003B6592 /* Debug */,
				3AC9BD7D253E5CE4003B6592 /* Release */,
			);
			defaultConfigurationIsVisible = 0;
			defaultConfigurationName = Release;
		};
		3AC9BD7E253E5CE4003B6592 /* Build configuration list for PBXNativeTarget "CollectionViewTestUITests" */ = {
			isa = XCConfigurationList;
			buildConfigurations = (
				3AC9BD7F253E5CE4003B6592 /* Debug */,
				3AC9BD80253E5CE4003B6592 /* Release */,
			);
			defaultConfigurationIsVisible = 0;
			defaultConfigurationName = Release;
		};
/* End XCConfigurationList section */
	};
	rootObject = 3AC9BD46253E5CDF003B6592 /* Project object */;
}
