// !$*UTF8*$!
{
	archiveVersion = 1;
	classes = {
	};
	objectVersion = 50;
	objects = {

/* Begin PBXBuildFile section */
		8345153C24FBC5D4009615A6 /* AppDelegate.swift in Sources */ = {isa = PBXBuildFile; fileRef = 8345153B24FBC5D4009615A6 /* AppDelegate.swift */; };
		8345153E24FBC5D4009615A6 /* SceneDelegate.swift in Sources */ = {isa = PBXBuildFile; fileRef = 8345153D24FBC5D4009615A6 /* SceneDelegate.swift */; };
		8345154024FBC5D4009615A6 /* ViewController.swift in Sources */ = {isa = PBXBuildFile; fileRef = 8345153F24FBC5D4009615A6 /* ViewController.swift */; };
		8345154324FBC5D4009615A6 /* Main.storyboard in Resources */ = {isa = PBXBuildFile; fileRef = 8345154124FBC5D4009615A6 /* Main.storyboard */; };
		8345154524FBC5D6009615A6 /* Assets.xcassets in Resources */ = {isa = PBXBuildFile; fileRef = 8345154424FBC5D6009615A6 /* Assets.xcassets */; };
		8345154824FBC5D6009615A6 /* LaunchScreen.storyboard in Resources */ = {isa = PBXBuildFile; fileRef = 8345154624FBC5D6009615A6 /* LaunchScreen.storyboard */; };
		8345155224FC1401009615A6 /* VideoHelper.swift in Sources */ = {isa = PBXBuildFile; fileRef = 8345155124FC1401009615A6 /* VideoHelper.swift */; };
		83909BA724FEB26700799FF1 /* MakeBirthdayCardVC.swift in Sources */ = {isa = PBXBuildFile; fileRef = 83909BA624FEB26700799FF1 /* MakeBirthdayCardVC.swift */; };
		83909BA924FF9DF100799FF1 /* VideoPlayerVC.swift in Sources */ = {isa = PBXBuildFile; fileRef = 83909BA824FF9DF100799FF1 /* VideoPlayerVC.swift */; };
/* End PBXBuildFile section */

/* Begin PBXFileReference section */
		8345153824FBC5D4009615A6 /* AVFoundationPractice.app */ = {isa = PBXFileReference; explicitFileType = wrapper.application; includeInIndex = 0; path = AVFoundationPractice.app; sourceTree = BUILT_PRODUCTS_DIR; };
		8345153B24FBC5D4009615A6 /* AppDelegate.swift */ = {isa = PBXFileReference; lastKnownFileType = sourcecode.swift; path = AppDelegate.swift; sourceTree = "<group>"; };
		8345153D24FBC5D4009615A6 /* SceneDelegate.swift */ = {isa = PBXFileReference; lastKnownFileType = sourcecode.swift; path = SceneDelegate.swift; sourceTree = "<group>"; };
		8345153F24FBC5D4009615A6 /* ViewController.swift */ = {isa = PBXFileReference; lastKnownFileType = sourcecode.swift; path = ViewController.swift; sourceTree = "<group>"; };
		8345154224FBC5D4009615A6 /* Base */ = {isa = PBXFileReference; lastKnownFileType = file.storyboard; name = Base; path = Base.lproj/Main.storyboard; sourceTree = "<group>"; };
		8345154424FBC5D6009615A6 /* Assets.xcassets */ = {isa = PBXFileReference; lastKnownFileType = folder.assetcatalog; path = Assets.xcassets; sourceTree = "<group>"; };
		8345154724FBC5D6009615A6 /* Base */ = {isa = PBXFileReference; lastKnownFileType = file.storyboard; name = Base; path = Base.lproj/LaunchScreen.storyboard; sourceTree = "<group>"; };
		8345154924FBC5D6009615A6 /* Info.plist */ = {isa = PBXFileReference; lastKnownFileType = text.plist.xml; path = Info.plist; sourceTree = "<group>"; };
		8345155124FC1401009615A6 /* VideoHelper.swift */ = {isa = PBXFileReference; lastKnownFileType = sourcecode.swift; path = VideoHelper.swift; sourceTree = "<group>"; };
		83909BA624FEB26700799FF1 /* MakeBirthdayCardVC.swift */ = {isa = PBXFileReference; lastKnownFileType = sourcecode.swift; path = MakeBirthdayCardVC.swift; sourceTree = "<group>"; };
		83909BA824FF9DF100799FF1 /* VideoPlayerVC.swift */ = {isa = PBXFileReference; lastKnownFileType = sourcecode.swift; path = VideoPlayerVC.swift; sourceTree = "<group>"; };
/* End PBXFileReference section */

/* Begin PBXFrameworksBuildPhase section */
		8345153524FBC5D4009615A6 /* Frameworks */ = {
			isa = PBXFrameworksBuildPhase;
			buildActionMask = 2147483647;
			files = (
			);
			runOnlyForDeploymentPostprocessing = 0;
		};
/* End PBXFrameworksBuildPhase section */

/* Begin PBXGroup section */
		8345152F24FBC5D4009615A6 = {
			isa = PBXGroup;
			children = (
				8345153A24FBC5D4009615A6 /* AVFoundationPractice */,
				8345153924FBC5D4009615A6 /* Products */,
			);
			sourceTree = "<group>";
		};
		8345153924FBC5D4009615A6 /* Products */ = {
			isa = PBXGroup;
			children = (
				8345153824FBC5D4009615A6 /* AVFoundationPractice.app */,
			);
			name = Products;
			sourceTree = "<group>";
		};
		8345153A24FBC5D4009615A6 /* AVFoundationPractice */ = {
			isa = PBXGroup;
			children = (
				83909BAE24FF9E2900799FF1 /* utils */,
				83909BAD24FF9E1F00799FF1 /* storyboard */,
				83909BAC24FF9E1300799FF1 /* viewcontroller */,
				83909BAB24FF9E0500799FF1 /* asset */,
				83909BAA24FF9DF800799FF1 /* app */,
				8345154924FBC5D6009615A6 /* Info.plist */,
			);
			path = AVFoundationPractice;
			sourceTree = "<group>";
		};
		83909BAA24FF9DF800799FF1 /* app */ = {
			isa = PBXGroup;
			children = (
				8345153B24FBC5D4009615A6 /* AppDelegate.swift */,
				8345153D24FBC5D4009615A6 /* SceneDelegate.swift */,
			);
			path = app;
			sourceTree = "<group>";
		};
		83909BAB24FF9E0500799FF1 /* asset */ = {
			isa = PBXGroup;
			children = (
				8345154424FBC5D6009615A6 /* Assets.xcassets */,
			);
			path = asset;
			sourceTree = "<group>";
		};
		83909BAC24FF9E1300799FF1 /* viewcontroller */ = {
			isa = PBXGroup;
			children = (
				8345153F24FBC5D4009615A6 /* ViewController.swift */,
				83909BA824FF9DF100799FF1 /* VideoPlayerVC.swift */,
				83909BA624FEB26700799FF1 /* MakeBirthdayCardVC.swift */,
			);
			path = viewcontroller;
			sourceTree = "<group>";
		};
		83909BAD24FF9E1F00799FF1 /* storyboard */ = {
			isa = PBXGroup;
			children = (
				8345154124FBC5D4009615A6 /* Main.storyboard */,
				8345154624FBC5D6009615A6 /* LaunchScreen.storyboard */,
			);
			path = storyboard;
			sourceTree = "<group>";
		};
		83909BAE24FF9E2900799FF1 /* utils */ = {
			isa = PBXGroup;
			children = (
				8345155124FC1401009615A6 /* VideoHelper.swift */,
			);
			path = utils;
			sourceTree = "<group>";
		};
/* End PBXGroup section */

/* Begin PBXNativeTarget section */
		8345153724FBC5D4009615A6 /* AVFoundationPractice */ = {
			isa = PBXNativeTarget;
			buildConfigurationList = 8345154C24FBC5D6009615A6 /* Build configuration list for PBXNativeTarget "AVFoundationPractice" */;
			buildPhases = (
				8345153424FBC5D4009615A6 /* Sources */,
				8345153524FBC5D4009615A6 /* Frameworks */,
				8345153624FBC5D4009615A6 /* Resources */,
			);
			buildRules = (
			);
			dependencies = (
			);
			name = AVFoundationPractice;
			productName = AVFoundationPractice;
			productReference = 8345153824FBC5D4009615A6 /* AVFoundationPractice.app */;
			productType = "com.apple.product-type.application";
		};
/* End PBXNativeTarget section */

/* Begin PBXProject section */
		8345153024FBC5D4009615A6 /* Project object */ = {
			isa = PBXProject;
			attributes = {
				LastSwiftUpdateCheck = 1160;
				LastUpgradeCheck = 1160;
				ORGANIZATIONNAME = "TaeHyeong Kim";
				TargetAttributes = {
					8345153724FBC5D4009615A6 = {
						CreatedOnToolsVersion = 11.6;
					};
				};
			};
			buildConfigurationList = 8345153324FBC5D4009615A6 /* Build configuration list for PBXProject "AVFoundationPractice" */;
			compatibilityVersion = "Xcode 9.3";
			developmentRegion = en;
			hasScannedForEncodings = 0;
			knownRegions = (
				en,
				Base,
			);
			mainGroup = 8345152F24FBC5D4009615A6;
			productRefGroup = 8345153924FBC5D4009615A6 /* Products */;
			projectDirPath = "";
			projectRoot = "";
			targets = (
				8345153724FBC5D4009615A6 /* AVFoundationPractice */,
			);
		};
/* End PBXProject section */

/* Begin PBXResourcesBuildPhase section */
		8345153624FBC5D4009615A6 /* Resources */ = {
			isa = PBXResourcesBuildPhase;
			buildActionMask = 2147483647;
			files = (
				8345154824FBC5D6009615A6 /* LaunchScreen.storyboard in Resources */,
				8345154524FBC5D6009615A6 /* Assets.xcassets in Resources */,
				8345154324FBC5D4009615A6 /* Main.storyboard in Resources */,
			);
			runOnlyForDeploymentPostprocessing = 0;
		};
/* End PBXResourcesBuildPhase section */

/* Begin PBXSourcesBuildPhase section */
		8345153424FBC5D4009615A6 /* Sources */ = {
			isa = PBXSourcesBuildPhase;
			buildActionMask = 2147483647;
			files = (
				8345154024FBC5D4009615A6 /* ViewController.swift in Sources */,
				8345153C24FBC5D4009615A6 /* AppDelegate.swift in Sources */,
				8345153E24FBC5D4009615A6 /* SceneDelegate.swift in Sources */,
				83909BA724FEB26700799FF1 /* MakeBirthdayCardVC.swift in Sources */,
				8345155224FC1401009615A6 /* VideoHelper.swift in Sources */,
				83909BA924FF9DF100799FF1 /* VideoPlayerVC.swift in Sources */,
			);
			runOnlyForDeploymentPostprocessing = 0;
		};
/* End PBXSourcesBuildPhase section */

/* Begin PBXVariantGroup section */
		8345154124FBC5D4009615A6 /* Main.storyboard */ = {
			isa = PBXVariantGroup;
			children = (
				8345154224FBC5D4009615A6 /* Base */,
			);
			name = Main.storyboard;
			sourceTree = "<group>";
		};
		8345154624FBC5D6009615A6 /* LaunchScreen.storyboard */ = {
			isa = PBXVariantGroup;
			children = (
				8345154724FBC5D6009615A6 /* Base */,
			);
			name = LaunchScreen.storyboard;
			sourceTree = "<group>";
		};
/* End PBXVariantGroup section */

/* Begin XCBuildConfiguration section */
		8345154A24FBC5D6009615A6 /* Debug */ = {
			isa = XCBuildConfiguration;
			buildSettings = {
				ALWAYS_SEARCH_USER_PATHS = NO;
				CLANG_ANALYZER_NONNULL = YES;
				CLANG_ANALYZER_NUMBER_OBJECT_CONVERSION = YES_AGGRESSIVE;
				CLANG_CXX_LANGUAGE_STANDARD = "gnu++14";
				CLANG_CXX_LIBRARY = "libc++";
				CLANG_ENABLE_MODULES = YES;
				CLANG_ENABLE_OBJC_ARC = YES;
				CLANG_ENABLE_OBJC_WEAK = YES;
				CLANG_WARN_BLOCK_CAPTURE_AUTORELEASING = YES;
				CLANG_WARN_BOOL_CONVERSION = YES;
				CLANG_WARN_COMMA = YES;
				CLANG_WARN_CONSTANT_CONVERSION = YES;
				CLANG_WARN_DEPRECATED_OBJC_IMPLEMENTATIONS = YES;
				CLANG_WARN_DIRECT_OBJC_ISA_USAGE = YES_ERROR;
				CLANG_WARN_DOCUMENTATION_COMMENTS = YES;
				CLANG_WARN_EMPTY_BODY = YES;
				CLANG_WARN_ENUM_CONVERSION = YES;
				CLANG_WARN_INFINITE_RECURSION = YES;
				CLANG_WARN_INT_CONVERSION = YES;
				CLANG_WARN_NON_LITERAL_NULL_CONVERSION = YES;
				CLANG_WARN_OBJC_IMPLICIT_RETAIN_SELF = YES;
				CLANG_WARN_OBJC_LITERAL_CONVERSION = YES;
				CLANG_WARN_OBJC_ROOT_CLASS = YES_ERROR;
				CLANG_WARN_RANGE_LOOP_ANALYSIS = YES;
				CLANG_WARN_STRICT_PROTOTYPES = YES;
				CLANG_WARN_SUSPICIOUS_MOVE = YES;
				CLANG_WARN_UNGUARDED_AVAILABILITY = YES_AGGRESSIVE;
				CLANG_WARN_UNREACHABLE_CODE = YES;
				CLANG_WARN__DUPLICATE_METHOD_MATCH = YES;
				COPY_PHASE_STRIP = NO;
				DEBUG_INFORMATION_FORMAT = dwarf;
				ENABLE_STRICT_OBJC_MSGSEND = YES;
				ENABLE_TESTABILITY = YES;
				GCC_C_LANGUAGE_STANDARD = gnu11;
				GCC_DYNAMIC_NO_PIC = NO;
				GCC_NO_COMMON_BLOCKS = YES;
				GCC_OPTIMIZATION_LEVEL = 0;
				GCC_PREPROCESSOR_DEFINITIONS = (
					"DEBUG=1",
					"$(inherited)",
				);
				GCC_WARN_64_TO_32_BIT_CONVERSION = YES;
				GCC_WARN_ABOUT_RETURN_TYPE = YES_ERROR;
				GCC_WARN_UNDECLARED_SELECTOR = YES;
				GCC_WARN_UNINITIALIZED_AUTOS = YES_AGGRESSIVE;
				GCC_WARN_UNUSED_FUNCTION = YES;
				GCC_WARN_UNUSED_VARIABLE = YES;
				IPHONEOS_DEPLOYMENT_TARGET = 13.6;
				MTL_ENABLE_DEBUG_INFO = INCLUDE_SOURCE;
				MTL_FAST_MATH = YES;
				ONLY_ACTIVE_ARCH = YES;
				SDKROOT = iphoneos;
				SWIFT_ACTIVE_COMPILATION_CONDITIONS = DEBUG;
				SWIFT_OPTIMIZATION_LEVEL = "-Onone";
			};
			name = Debug;
		};
		8345154B24FBC5D6009615A6 /* Release */ = {
			isa = XCBuildConfiguration;
			buildSettings = {
				ALWAYS_SEARCH_USER_PATHS = NO;
				CLANG_ANALYZER_NONNULL = YES;
				CLANG_ANALYZER_NUMBER_OBJECT_CONVERSION = YES_AGGRESSIVE;
				CLANG_CXX_LANGUAGE_STANDARD = "gnu++14";
				CLANG_CXX_LIBRARY = "libc++";
				CLANG_ENABLE_MODULES = YES;
				CLANG_ENABLE_OBJC_ARC = YES;
				CLANG_ENABLE_OBJC_WEAK = YES;
				CLANG_WARN_BLOCK_CAPTURE_AUTORELEASING = YES;
				CLANG_WARN_BOOL_CONVERSION = YES;
				CLANG_WARN_COMMA = YES;
				CLANG_WARN_CONSTANT_CONVERSION = YES;
				CLANG_WARN_DEPRECATED_OBJC_IMPLEMENTATIONS = YES;
				CLANG_WARN_DIRECT_OBJC_ISA_USAGE = YES_ERROR;
				CLANG_WARN_DOCUMENTATION_COMMENTS = YES;
				CLANG_WARN_EMPTY_BODY = YES;
				CLANG_WARN_ENUM_CONVERSION = YES;
				CLANG_WARN_INFINITE_RECURSION = YES;
				CLANG_WARN_INT_CONVERSION = YES;
				CLANG_WARN_NON_LITERAL_NULL_CONVERSION = YES;
				CLANG_WARN_OBJC_IMPLICIT_RETAIN_SELF = YES;
				CLANG_WARN_OBJC_LITERAL_CONVERSION = YES;
				CLANG_WARN_OBJC_ROOT_CLASS = YES_ERROR;
				CLANG_WARN_RANGE_LOOP_ANALYSIS = YES;
				CLANG_WARN_STRICT_PROTOTYPES = YES;
				CLANG_WARN_SUSPICIOUS_MOVE = YES;
				CLANG_WARN_UNGUARDED_AVAILABILITY = YES_AGGRESSIVE;
				CLANG_WARN_UNREACHABLE_CODE = YES;
				CLANG_WARN__DUPLICATE_METHOD_MATCH = YES;
				COPY_PHASE_STRIP = NO;
				DEBUG_INFORMATION_FORMAT = "dwarf-with-dsym";
				ENABLE_NS_ASSERTIONS = NO;
				ENABLE_STRICT_OBJC_MSGSEND = YES;
				GCC_C_LANGUAGE_STANDARD = gnu11;
				GCC_NO_COMMON_BLOCKS = YES;
				GCC_WARN_64_TO_32_BIT_CONVERSION = YES;
				GCC_WARN_ABOUT_RETURN_TYPE = YES_ERROR;
				GCC_WARN_UNDECLARED_SELECTOR = YES;
				GCC_WARN_UNINITIALIZED_AUTOS = YES_AGGRESSIVE;
				GCC_WARN_UNUSED_FUNCTION = YES;
				GCC_WARN_UNUSED_VARIABLE = YES;
				IPHONEOS_DEPLOYMENT_TARGET = 13.6;
				MTL_ENABLE_DEBUG_INFO = NO;
				MTL_FAST_MATH = YES;
				SDKROOT = iphoneos;
				SWIFT_COMPILATION_MODE = wholemodule;
				SWIFT_OPTIMIZATION_LEVEL = "-O";
				VALIDATE_PRODUCT = YES;
			};
			name = Release;
		};
		8345154D24FBC5D6009615A6 /* Debug */ = {
			isa = XCBuildConfiguration;
			buildSettings = {
				ASSETCATALOG_COMPILER_APPICON_NAME = AppIcon;
				CODE_SIGN_STYLE = Automatic;
				DEVELOPMENT_TEAM = 9Y5NYS23KM;
				INFOPLIST_FILE = AVFoundationPractice/Info.plist;
				LD_RUNPATH_SEARCH_PATHS = (
					"$(inherited)",
					"@executable_path/Frameworks",
				);
				PRODUCT_BUNDLE_IDENTIFIER = uuzaza.AVFoundationPractice;
				PRODUCT_NAME = "$(TARGET_NAME)";
				SWIFT_VERSION = 5.0;
				TARGETED_DEVICE_FAMILY = "1,2";
			};
			name = Debug;
		};
		8345154E24FBC5D6009615A6 /* Release */ = {
			isa = XCBuildConfiguration;
			buildSettings = {
				ASSETCATALOG_COMPILER_APPICON_NAME = AppIcon;
				CODE_SIGN_STYLE = Automatic;
				DEVELOPMENT_TEAM = 9Y5NYS23KM;
				INFOPLIST_FILE = AVFoundationPractice/Info.plist;
				LD_RUNPATH_SEARCH_PATHS = (
					"$(inherited)",
					"@executable_path/Frameworks",
				);
				PRODUCT_BUNDLE_IDENTIFIER = uuzaza.AVFoundationPractice;
				PRODUCT_NAME = "$(TARGET_NAME)";
				SWIFT_VERSION = 5.0;
				TARGETED_DEVICE_FAMILY = "1,2";
			};
			name = Release;
		};
/* End XCBuildConfiguration section */

/* Begin XCConfigurationList section */
		8345153324FBC5D4009615A6 /* Build configuration list for PBXProject "AVFoundationPractice" */ = {
			isa = XCConfigurationList;
			buildConfigurations = (
				8345154A24FBC5D6009615A6 /* Debug */,
				8345154B24FBC5D6009615A6 /* Release */,
			);
			defaultConfigurationIsVisible = 0;
			defaultConfigurationName = Release;
		};
		8345154C24FBC5D6009615A6 /* Build configuration list for PBXNativeTarget "AVFoundationPractice" */ = {
			isa = XCConfigurationList;
			buildConfigurations = (
				8345154D24FBC5D6009615A6 /* Debug */,
				8345154E24FBC5D6009615A6 /* Release */,
			);
			defaultConfigurationIsVisible = 0;
			defaultConfigurationName = Release;
		};
/* End XCConfigurationList section */
	};
	rootObject = 8345153024FBC5D4009615A6 /* Project object */;
}
